
Microsoft Visual Studio Solution File, Format Version 12.00
# Visual Studio Version 17
VisualStudioVersion = 17.1.32210.238
MinimumVisualStudioVersion = 10.0.40219.1
Project("{9A19103F-16F7-4668-BE54-9A1E7A4F7556}") = "DrankIO.Auth", "src\Hosts\DrankIO.Auth\DrankIO.Auth.csproj", "{7AD5706F-1AE0-43C8-81B0-B2ED6C565E6A}"
EndProject
Project("{9A19103F-16F7-4668-BE54-9A1E7A4F7556}") = "DrankIO.Domain", "src\Core\DrankIO.Domain\DrankIO.Domain.csproj", "{57E5DBC1-654E-4E7E-9B02-52A745C5371C}"
EndProject
Project("{2150E333-8FDC-42A3-9474-1A3956D46DE8}") = "Cloudformation", "Cloudformation", "{F90097A6-F502-4A91-B254-13FE8CC033FC}"
	ProjectSection(SolutionItems) = preProject
		cloudformation\aws-iam.yaml = cloudformation\aws-iam.yaml
		cloudformation\aws-resources.yaml = cloudformation\aws-resources.yaml
		cloudformation\production-parameters.json = cloudformation\production-parameters.json
		cloudformation\testing-parameters.json = cloudformation\testing-parameters.json
	EndProjectSection
EndProject
Project("{2150E333-8FDC-42A3-9474-1A3956D46DE8}") = ".github", ".github", "{7F39AE45-8223-41FD-8A66-85E147AA7602}"
	ProjectSection(SolutionItems) = preProject
		.github\workflows\build.yml = .github\workflows\build.yml
		.github\workflows\deploy.yml = .github\workflows\deploy.yml
	EndProjectSection
EndProject
Global
	GlobalSection(SolutionConfigurationPlatforms) = preSolution
		Debug|Any CPU = Debug|Any CPU
		Release|Any CPU = Release|Any CPU
	EndGlobalSection
	GlobalSection(ProjectConfigurationPlatforms) = postSolution
		{7AD5706F-1AE0-43C8-81B0-B2ED6C565E6A}.Debug|Any CPU.ActiveCfg = Debug|Any CPU
		{7AD5706F-1AE0-43C8-81B0-B2ED6C565E6A}.Debug|Any CPU.Build.0 = Debug|Any CPU
		{7AD5706F-1AE0-43C8-81B0-B2ED6C565E6A}.Release|Any CPU.ActiveCfg = Release|Any CPU
		{7AD5706F-1AE0-43C8-81B0-B2ED6C565E6A}.Release|Any CPU.Build.0 = Release|Any CPU
		{57E5DBC1-654E-4E7E-9B02-52A745C5371C}.Debug|Any CPU.ActiveCfg = Debug|Any CPU
		{57E5DBC1-654E-4E7E-9B02-52A745C5371C}.Debug|Any CPU.Build.0 = Debug|Any CPU
		{57E5DBC1-654E-4E7E-9B02-52A745C5371C}.Release|Any CPU.ActiveCfg = Release|Any CPU
		{57E5DBC1-654E-4E7E-9B02-52A745C5371C}.Release|Any CPU.Build.0 = Release|Any CPU
	EndGlobalSection
	GlobalSection(SolutionProperties) = preSolution
		HideSolutionNode = FALSE
	EndGlobalSection
	GlobalSection(ExtensibilityGlobals) = postSolution
		SolutionGuid = {AAC747CE-AA48-4FDC-8974-AE8141FCB789}
	EndGlobalSection
EndGlobal
